<?xml version="1.0" encoding="utf-8"?>
<Project ToolsVersion="4.0" xmlns="http://schemas.microsoft.com/developer/msbuild/2003">
  <ItemGroup>
    <ClCompile Include="WinMain.cpp" />
    <ClCompile Include="AppState.cpp">
      <Filter>AppStates</Filter>
    </ClCompile>
    <ClCompile Include="GameContext.cpp" />
    <ClCompile Include="GameManager.cpp" />
    <ClCompile Include="AppStateFactory.cpp">
      <Filter>AppStates</Filter>
    </ClCompile>
    <ClCompile Include="FrontEndState.cpp">
      <Filter>AppStates</Filter>
    </ClCompile>
    <ClCompile Include="GamePlayState.cpp">
      <Filter>AppStates</Filter>
    </ClCompile>
    <ClCompile Include="GameObject.cpp" />
    <ClCompile Include="Entity.cpp">
      <Filter>Entities</Filter>
    </ClCompile>
    <ClCompile Include="Player.cpp">
      <Filter>Entities</Filter>
    </ClCompile>
    <ClCompile Include="Enemy.cpp">
      <Filter>Entities</Filter>
    </ClCompile>
    <ClCompile Include="Bullet.cpp" />
    <ClCompile Include="BulletPool.cpp" />
    <ClCompile Include="HUD.cpp" />
  </ItemGroup>
  <ItemGroup>
    <Filter Include="AppStates">
      <UniqueIdentifier>{f2ae82b3-312a-467f-ae21-ae70517c1eff}</UniqueIdentifier>
    </Filter>
    <Filter Include="Entities">
      <UniqueIdentifier>{f96ad914-f84e-4196-b67f-cb1e16e9f955}</UniqueIdentifier>
    </Filter>
  </ItemGroup>
  <ItemGroup>
    <ClInclude Include="AppState.h">
      <Filter>AppStates</Filter>
    </ClInclude>
    <ClInclude Include="GameContext.h" />
    <ClInclude Include="GameManager.h" />
    <ClInclude Include="AppStates.h">
      <Filter>AppStates</Filter>
    </ClInclude>
    <ClInclude Include="AppStatesFactory.h">
      <Filter>AppStates</Filter>
    </ClInclude>
    <ClInclude Include="FrontEndState.h">
      <Filter>AppStates</Filter>
    </ClInclude>
    <ClInclude Include="GamePlayState.h">
      <Filter>AppStates</Filter>
    </ClInclude>
    <ClInclude Include="GameObject.h" />
    <ClInclude Include="Entity.h">
      <Filter>Entities</Filter>
    </ClInclude>
    <ClInclude Include="Player.h">
      <Filter>Entities</Filter>
    </ClInclude>
    <ClInclude Include="Enemy.h">
      <Filter>Entities</Filter>
    </ClInclude>
    <ClInclude Include="Bullet.h" />
    <ClInclude Include="BulletPool.h" />
    <ClInclude Include="HUD.h" />
  </ItemGroup>
</Project>